// !$*UTF8*$!
{
	archiveVersion = 1;
	classes = {
	};
	objectVersion = 50;
	objects = {

/* Begin PBXBuildFile section */
		8D2B0191262DFB3D00CA4C59 /* CoreDataMVVMApp.swift in Sources */ = {isa = PBXBuildFile; fileRef = 8D2B0190262DFB3D00CA4C59 /* CoreDataMVVMApp.swift */; };
		8D2B0193262DFB3D00CA4C59 /* ContentView.swift in Sources */ = {isa = PBXBuildFile; fileRef = 8D2B0192262DFB3D00CA4C59 /* ContentView.swift */; };
		8D2B0195262DFB3E00CA4C59 /* Assets.xcassets in Resources */ = {isa = PBXBuildFile; fileRef = 8D2B0194262DFB3E00CA4C59 /* Assets.xcassets */; };
		8D2B0198262DFB3E00CA4C59 /* Preview Assets.xcassets in Resources */ = {isa = PBXBuildFile; fileRef = 8D2B0197262DFB3E00CA4C59 /* Preview Assets.xcassets */; };
		8D2B01A1262DFC1E00CA4C59 /* CoreDataManager.swift in Sources */ = {isa = PBXBuildFile; fileRef = 8D2B01A0262DFC1E00CA4C59 /* CoreDataManager.swift */; };
		8D2B01A5262DFC7E00CA4C59 /* TodoAppModel.xcdatamodeld in Sources */ = {isa = PBXBuildFile; fileRef = 8D2B01A3262DFC7E00CA4C59 /* TodoAppModel.xcdatamodeld */; };
		8D2B01BD262E08F600CA4C59 /* TaskListViewModel.swift in Sources */ = {isa = PBXBuildFile; fileRef = 8D2B01BC262E08F600CA4C59 /* TaskListViewModel.swift */; };
/* End PBXBuildFile section */

/* Begin PBXFileReference section */
		8D2B018D262DFB3D00CA4C59 /* CoreDataMVVM.app */ = {isa = PBXFileReference; explicitFileType = wrapper.application; includeInIndex = 0; path = CoreDataMVVM.app; sourceTree = BUILT_PRODUCTS_DIR; };
		8D2B0190262DFB3D00CA4C59 /* CoreDataMVVMApp.swift */ = {isa = PBXFileReference; lastKnownFileType = sourcecode.swift; path = CoreDataMVVMApp.swift; sourceTree = "<group>"; };
		8D2B0192262DFB3D00CA4C59 /* ContentView.swift */ = {isa = PBXFileReference; lastKnownFileType = sourcecode.swift; path = ContentView.swift; sourceTree = "<group>"; };
		8D2B0194262DFB3E00CA4C59 /* Assets.xcassets */ = {isa = PBXFileReference; lastKnownFileType = folder.assetcatalog; path = Assets.xcassets; sourceTree = "<group>"; };
		8D2B0197262DFB3E00CA4C59 /* Preview Assets.xcassets */ = {isa = PBXFileReference; lastKnownFileType = folder.assetcatalog; path = "Preview Assets.xcassets"; sourceTree = "<group>"; };
		8D2B0199262DFB3E00CA4C59 /* Info.plist */ = {isa = PBXFileReference; lastKnownFileType = text.plist.xml; path = Info.plist; sourceTree = "<group>"; };
		8D2B01A0262DFC1E00CA4C59 /* CoreDataManager.swift */ = {isa = PBXFileReference; lastKnownFileType = sourcecode.swift; path = CoreDataManager.swift; sourceTree = "<group>"; };
		8D2B01A4262DFC7E00CA4C59 /* TodoAppModel.xcdatamodel */ = {isa = PBXFileReference; lastKnownFileType = wrapper.xcdatamodel; path = TodoAppModel.xcdatamodel; sourceTree = "<group>"; };
		8D2B01BC262E08F600CA4C59 /* TaskListViewModel.swift */ = {isa = PBXFileReference; lastKnownFileType = sourcecode.swift; path = TaskListViewModel.swift; sourceTree = "<group>"; };
/* End PBXFileReference section */

/* Begin PBXFrameworksBuildPhase section */
		8D2B018A262DFB3D00CA4C59 /* Frameworks */ = {
			isa = PBXFrameworksBuildPhase;
			buildActionMask = 2147483647;
			files = (
			);
			runOnlyForDeploymentPostprocessing = 0;
		};
/* End PBXFrameworksBuildPhase section */

/* Begin PBXGroup section */
		8D2B0184262DFB3D00CA4C59 = {
			isa = PBXGroup;
			children = (
				8D2B018F262DFB3D00CA4C59 /* CoreDataMVVM */,
				8D2B018E262DFB3D00CA4C59 /* Products */,
			);
			sourceTree = "<group>";
		};
		8D2B018E262DFB3D00CA4C59 /* Products */ = {
			isa = PBXGroup;
			children = (
				8D2B018D262DFB3D00CA4C59 /* CoreDataMVVM.app */,
			);
			name = Products;
			sourceTree = "<group>";
		};
		8D2B018F262DFB3D00CA4C59 /* CoreDataMVVM */ = {
			isa = PBXGroup;
			children = (
				8D2B01BB262E08E000CA4C59 /* View Models */,
				8D2B0190262DFB3D00CA4C59 /* CoreDataMVVMApp.swift */,
				8D2B0192262DFB3D00CA4C59 /* ContentView.swift */,
				8D2B0194262DFB3E00CA4C59 /* Assets.xcassets */,
				8D2B0199262DFB3E00CA4C59 /* Info.plist */,
				8D2B0196262DFB3E00CA4C59 /* Preview Content */,
				8D2B01A0262DFC1E00CA4C59 /* CoreDataManager.swift */,
				8D2B01A3262DFC7E00CA4C59 /* TodoAppModel.xcdatamodeld */,
			);
			path = CoreDataMVVM;
			sourceTree = "<group>";
		};
		8D2B0196262DFB3E00CA4C59 /* Preview Content */ = {
			isa = PBXGroup;
			children = (
				8D2B0197262DFB3E00CA4C59 /* Preview Assets.xcassets */,
			);
			path = "Preview Content";
			sourceTree = "<group>";
		};
		8D2B01BB262E08E000CA4C59 /* View Models */ = {
			isa = PBXGroup;
			children = (
				8D2B01BC262E08F600CA4C59 /* TaskListViewModel.swift */,
			);
			path = "View Models";
			sourceTree = "<group>";
		};
/* End PBXGroup section */

/* Begin PBXNativeTarget section */
		8D2B018C262DFB3D00CA4C59 /* CoreDataMVVM */ = {
			isa = PBXNativeTarget;
			buildConfigurationList = 8D2B019C262DFB3E00CA4C59 /* Build configuration list for PBXNativeTarget "CoreDataMVVM" */;
			buildPhases = (
				8D2B0189262DFB3D00CA4C59 /* Sources */,
				8D2B018A262DFB3D00CA4C59 /* Frameworks */,
				8D2B018B262DFB3D00CA4C59 /* Resources */,
			);
			buildRules = (
			);
			dependencies = (
			);
			name = CoreDataMVVM;
			productName = CoreDataMVVM;
			productReference = 8D2B018D262DFB3D00CA4C59 /* CoreDataMVVM.app */;
			productType = "com.apple.product-type.application";
		};
/* End PBXNativeTarget section */

/* Begin PBXProject section */
		8D2B0185262DFB3D00CA4C59 /* Project object */ = {
			isa = PBXProject;
			attributes = {
				LastSwiftUpdateCheck = 1240;
				LastUpgradeCheck = 1240;
				TargetAttributes = {
					8D2B018C262DFB3D00CA4C59 = {
						CreatedOnToolsVersion = 12.4;
					};
				};
			};
			buildConfigurationList = 8D2B0188262DFB3D00CA4C59 /* Build configuration list for PBXProject "CoreDataMVVM" */;
			compatibilityVersion = "Xcode 9.3";
			developmentRegion = en;
			hasScannedForEncodings = 0;
			knownRegions = (
				en,
				Base,
			);
			mainGroup = 8D2B0184262DFB3D00CA4C59;
			productRefGroup = 8D2B018E262DFB3D00CA4C59 /* Products */;
			projectDirPath = "";
			projectRoot = "";
			targets = (
				8D2B018C262DFB3D00CA4C59 /* CoreDataMVVM */,
			);
		};
/* End PBXProject section */

/* Begin PBXResourcesBuildPhase section */
		8D2B018B262DFB3D00CA4C59 /* Resources */ = {
			isa = PBXResourcesBuildPhase;
			buildActionMask = 2147483647;
			files = (
				8D2B0198262DFB3E00CA4C59 /* Preview Assets.xcassets in Resources */,
				8D2B0195262DFB3E00CA4C59 /* Assets.xcassets in Resources */,
			);
			runOnlyForDeploymentPostprocessing = 0;
		};
/* End PBXResourcesBuildPhase section */

/* Begin PBXSourcesBuildPhase section */
		8D2B0189262DFB3D00CA4C59 /* Sources */ = {
			isa = PBXSourcesBuildPhase;
			buildActionMask = 2147483647;
			files = (
				8D2B01A1262DFC1E00CA4C59 /* CoreDataManager.swift in Sources */,
				8D2B01A5262DFC7E00CA4C59 /* TodoAppModel.xcdatamodeld in Sources */,
				8D2B01BD262E08F600CA4C59 /* TaskListViewModel.swift in Sources */,
				8D2B0193262DFB3D00CA4C59 /* ContentView.swift in Sources */,
				8D2B0191262DFB3D00CA4C59 /* CoreDataMVVMApp.swift in Sources */,
			);
			runOnlyForDeploymentPostprocessing = 0;
		};
/* End PBXSourcesBuildPhase section */

/* Begin XCBuildConfiguration section */
		8D2B019A262DFB3E00CA4C59 /* Debug */ = {
			isa = XCBuildConfiguration;
			buildSettings = {
				ALWAYS_SEARCH_USER_PATHS = NO;
				CLANG_ANALYZER_NONNULL = YES;
				CLANG_ANALYZER_NUMBER_OBJECT_CONVERSION = YES_AGGRESSIVE;
				CLANG_CXX_LANGUAGE_STANDARD = "gnu++14";
				CLANG_CXX_LIBRARY = "libc++";
				CLANG_ENABLE_MODULES = YES;
				CLANG_ENABLE_OBJC_ARC = YES;
				CLANG_ENABLE_OBJC_WEAK = YES;
				CLANG_WARN_BLOCK_CAPTURE_AUTORELEASING = YES;
				CLANG_WARN_BOOL_CONVERSION = YES;
				CLANG_WARN_COMMA = YES;
				CLANG_WARN_CONSTANT_CONVERSION = YES;
				CLANG_WARN_DEPRECATED_OBJC_IMPLEMENTATIONS = YES;
				CLANG_WARN_DIRECT_OBJC_ISA_USAGE = YES_ERROR;
				CLANG_WARN_DOCUMENTATION_COMMENTS = YES;
				CLANG_WARN_EMPTY_BODY = YES;
				CLANG_WARN_ENUM_CONVERSION = YES;
				CLANG_WARN_INFINITE_RECURSION = YES;
				CLANG_WARN_INT_CONVERSION = YES;
				CLANG_WARN_NON_LITERAL_NULL_CONVERSION = YES;
				CLANG_WARN_OBJC_IMPLICIT_RETAIN_SELF = YES;
				CLANG_WARN_OBJC_LITERAL_CONVERSION = YES;
				CLANG_WARN_OBJC_ROOT_CLASS = YES_ERROR;
				CLANG_WARN_QUOTED_INCLUDE_IN_FRAMEWORK_HEADER = YES;
				CLANG_WARN_RANGE_LOOP_ANALYSIS = YES;
				CLANG_WARN_STRICT_PROTOTYPES = YES;
				CLANG_WARN_SUSPICIOUS_MOVE = YES;
				CLANG_WARN_UNGUARDED_AVAILABILITY = YES_AGGRESSIVE;
				CLANG_WARN_UNREACHABLE_CODE = YES;
				CLANG_WARN__DUPLICATE_METHOD_MATCH = YES;
				COPY_PHASE_STRIP = NO;
				DEBUG_INFORMATION_FORMAT = dwarf;
				ENABLE_STRICT_OBJC_MSGSEND = YES;
				ENABLE_TESTABILITY = YES;
				GCC_C_LANGUAGE_STANDARD = gnu11;
				GCC_DYNAMIC_NO_PIC = NO;
				GCC_NO_COMMON_BLOCKS = YES;
				GCC_OPTIMIZATION_LEVEL = 0;
				GCC_PREPROCESSOR_DEFINITIONS = (
					"DEBUG=1",
					"$(inherited)",
				);
				GCC_WARN_64_TO_32_BIT_CONVERSION = YES;
				GCC_WARN_ABOUT_RETURN_TYPE = YES_ERROR;
				GCC_WARN_UNDECLARED_SELECTOR = YES;
				GCC_WARN_UNINITIALIZED_AUTOS = YES_AGGRESSIVE;
				GCC_WARN_UNUSED_FUNCTION = YES;
				GCC_WARN_UNUSED_VARIABLE = YES;
				IPHONEOS_DEPLOYMENT_TARGET = 14.4;
				MTL_ENABLE_DEBUG_INFO = INCLUDE_SOURCE;
				MTL_FAST_MATH = YES;
				ONLY_ACTIVE_ARCH = YES;
				SDKROOT = iphoneos;
				SWIFT_ACTIVE_COMPILATION_CONDITIONS = DEBUG;
				SWIFT_OPTIMIZATION_LEVEL = "-Onone";
			};
			name = Debug;
		};
		8D2B019B262DFB3E00CA4C59 /* Release */ = {
			isa = XCBuildConfiguration;
			buildSettings = {
				ALWAYS_SEARCH_USER_PATHS = NO;
				CLANG_ANALYZER_NONNULL = YES;
				CLANG_ANALYZER_NUMBER_OBJECT_CONVERSION = YES_AGGRESSIVE;
				CLANG_CXX_LANGUAGE_STANDARD = "gnu++14";
				CLANG_CXX_LIBRARY = "libc++";
				CLANG_ENABLE_MODULES = YES;
				CLANG_ENABLE_OBJC_ARC = YES;
				CLANG_ENABLE_OBJC_WEAK = YES;
				CLANG_WARN_BLOCK_CAPTURE_AUTORELEASING = YES;
				CLANG_WARN_BOOL_CONVERSION = YES;
				CLANG_WARN_COMMA = YES;
				CLANG_WARN_CONSTANT_CONVERSION = YES;
				CLANG_WARN_DEPRECATED_OBJC_IMPLEMENTATIONS = YES;
				CLANG_WARN_DIRECT_OBJC_ISA_USAGE = YES_ERROR;
				CLANG_WARN_DOCUMENTATION_COMMENTS = YES;
				CLANG_WARN_EMPTY_BODY = YES;
				CLANG_WARN_ENUM_CONVERSION = YES;
				CLANG_WARN_INFINITE_RECURSION = YES;
				CLANG_WARN_INT_CONVERSION = YES;
				CLANG_WARN_NON_LITERAL_NULL_CONVERSION = YES;
				CLANG_WARN_OBJC_IMPLICIT_RETAIN_SELF = YES;
				CLANG_WARN_OBJC_LITERAL_CONVERSION = YES;
				CLANG_WARN_OBJC_ROOT_CLASS = YES_ERROR;
				CLANG_WARN_QUOTED_INCLUDE_IN_FRAMEWORK_HEADER = YES;
				CLANG_WARN_RANGE_LOOP_ANALYSIS = YES;
				CLANG_WARN_STRICT_PROTOTYPES = YES;
				CLANG_WARN_SUSPICIOUS_MOVE = YES;
				CLANG_WARN_UNGUARDED_AVAILABILITY = YES_AGGRESSIVE;
				CLANG_WARN_UNREACHABLE_CODE = YES;
				CLANG_WARN__DUPLICATE_METHOD_MATCH = YES;
				COPY_PHASE_STRIP = NO;
				DEBUG_INFORMATION_FORMAT = "dwarf-with-dsym";
				ENABLE_NS_ASSERTIONS = NO;
				ENABLE_STRICT_OBJC_MSGSEND = YES;
				GCC_C_LANGUAGE_STANDARD = gnu11;
				GCC_NO_COMMON_BLOCKS = YES;
				GCC_WARN_64_TO_32_BIT_CONVERSION = YES;
				GCC_WARN_ABOUT_RETURN_TYPE = YES_ERROR;
				GCC_WARN_UNDECLARED_SELECTOR = YES;
				GCC_WARN_UNINITIALIZED_AUTOS = YES_AGGRESSIVE;
				GCC_WARN_UNUSED_FUNCTION = YES;
				GCC_WARN_UNUSED_VARIABLE = YES;
				IPHONEOS_DEPLOYMENT_TARGET = 14.4;
				MTL_ENABLE_DEBUG_INFO = NO;
				MTL_FAST_MATH = YES;
				SDKROOT = iphoneos;
				SWIFT_COMPILATION_MODE = wholemodule;
				SWIFT_OPTIMIZATION_LEVEL = "-O";
				VALIDATE_PRODUCT = YES;
			};
			name = Release;
		};
		8D2B019D262DFB3E00CA4C59 /* Debug */ = {
			isa = XCBuildConfiguration;
			buildSettings = {
				ASSETCATALOG_COMPILER_APPICON_NAME = AppIcon;
				ASSETCATALOG_COMPILER_GLOBAL_ACCENT_COLOR_NAME = AccentColor;
				CODE_SIGN_STYLE = Automatic;
				DEVELOPMENT_ASSET_PATHS = "\"CoreDataMVVM/Preview Content\"";
				DEVELOPMENT_TEAM = B2Q8EGNCQA;
				ENABLE_PREVIEWS = YES;
				INFOPLIST_FILE = CoreDataMVVM/Info.plist;
				IPHONEOS_DEPLOYMENT_TARGET = 14.0;
				LD_RUNPATH_SEARCH_PATHS = (
					"$(inherited)",
					"@executable_path/Frameworks",
				);
				PRODUCT_BUNDLE_IDENTIFIER = com.azamsharp.CoreDataMVVM;
				PRODUCT_NAME = "$(TARGET_NAME)";
				SWIFT_VERSION = 5.0;
				TARGETED_DEVICE_FAMILY = "1,2";
			};
			name = Debug;
		};
		8D2B019E262DFB3E00CA4C59 /* Release */ = {
			isa = XCBuildConfiguration;
			buildSettings = {
				ASSETCATALOG_COMPILER_APPICON_NAME = AppIcon;
				ASSETCATALOG_COMPILER_GLOBAL_ACCENT_COLOR_NAME = AccentColor;
				CODE_SIGN_STYLE = Automatic;
				DEVELOPMENT_ASSET_PATHS = "\"CoreDataMVVM/Preview Content\"";
				DEVELOPMENT_TEAM = B2Q8EGNCQA;
				ENABLE_PREVIEWS = YES;
				INFOPLIST_FILE = CoreDataMVVM/Info.plist;
				IPHONEOS_DEPLOYMENT_TARGET = 14.0;
				LD_RUNPATH_SEARCH_PATHS = (
					"$(inherited)",
					"@executable_path/Frameworks",
				);
				PRODUCT_BUNDLE_IDENTIFIER = com.azamsharp.CoreDataMVVM;
				PRODUCT_NAME = "$(TARGET_NAME)";
				SWIFT_VERSION = 5.0;
				TARGETED_DEVICE_FAMILY = "1,2";
			};
			name = Release;
		};
/* End XCBuildConfiguration section */

/* Begin XCConfigurationList section */
		8D2B0188262DFB3D00CA4C59 /* Build configuration list for PBXProject "CoreDataMVVM" */ = {
			isa = XCConfigurationList;
			buildConfigurations = (
				8D2B019A262DFB3E00CA4C59 /* Debug */,
				8D2B019B262DFB3E00CA4C59 /* Release */,
			);
			defaultConfigurationIsVisible = 0;
			defaultConfigurationName = Release;
		};
		8D2B019C262DFB3E00CA4C59 /* Build configuration list for PBXNativeTarget "CoreDataMVVM" */ = {
			isa = XCConfigurationList;
			buildConfigurations = (
				8D2B019D262DFB3E00CA4C59 /* Debug */,
				8D2B019E262DFB3E00CA4C59 /* Release */,
			);
			defaultConfigurationIsVisible = 0;
			defaultConfigurationName = Release;
		};
/* End XCConfigurationList section */

/* Begin XCVersionGroup section */
		8D2B01A3262DFC7E00CA4C59 /* TodoAppModel.xcdatamodeld */ = {
			isa = XCVersionGroup;
			children = (
				8D2B01A4262DFC7E00CA4C59 /* TodoAppModel.xcdatamodel */,
			);
			currentVersion = 8D2B01A4262DFC7E00CA4C59 /* TodoAppModel.xcdatamodel */;
			path = TodoAppModel.xcdatamodeld;
			sourceTree = "<group>";
			versionGroupType = wrapper.xcdatamodel;
		};
/* End XCVersionGroup section */
	};
	rootObject = 8D2B0185262DFB3D00CA4C59 /* Project object */;
}
